{
  "version": 4,
  "terraform_version": "1.4.4",
  "serial": 3,
  "lineage": "d019d575-0a3a-13e1-7bf4-02a79d317879",
  "outputs": {},
  "resources": [
    {
      "mode": "managed",
      "type": "azurerm_resource_group",
      "name": "AAAEASTUS2-RG01",
      "provider": "provider[\"registry.terraform.io/hashicorp/azurerm\"]",
      "instances": [
        {
          "schema_version": 0,
          "attributes": {
            "id": "/subscriptions/8fdbe427-da5f-48ee-9c0f-bb1366307498/resourceGroups/AAAEASTUS2-RG01",
            "location": "eastus2",
            "managed_by": "",
            "name": "AAAEASTUS2-RG01",
            "tags": null,
            "timeouts": null
          },
          "sensitive_attributes": [],
          "private": "eyJlMmJmYjczMC1lY2FhLTExZTYtOGY4OC0zNDM2M2JjN2M0YzAiOnsiY3JlYXRlIjo1NDAwMDAwMDAwMDAwLCJkZWxldGUiOjU0MDAwMDAwMDAwMDAsInJlYWQiOjMwMDAwMDAwMDAwMCwidXBkYXRlIjo1NDAwMDAwMDAwMDAwfX0="
        }
      ]
    }
  ],
  "check_results": null
}
